
Microsoft Visual Studio Solution File, Format Version 12.00
# Visual Studio Version 16
VisualStudioVersion = 16.0.31613.86
MinimumVisualStudioVersion = 10.0.40219.1
Project("{FAE04EC0-301F-11D3-BF4B-00C04F79EFBC}") = "Lav-vs2019-PullRequestDemo", "Lav-vs2019-PullRequestDemo.csproj", "{AD7A8A72-6591-493D-8B5E-8B82E2F3F8B7}"
EndProject
Global
	GlobalSection(SolutionConfigurationPlatforms) = preSolution
		Debug|Any CPU = Debug|Any CPU
		Release|Any CPU = Release|Any CPU
	EndGlobalSection
	GlobalSection(ProjectConfigurationPlatforms) = postSolution
		{AD7A8A72-6591-493D-8B5E-8B82E2F3F8B7}.Debug|Any CPU.ActiveCfg = Debug|Any CPU
		{AD7A8A72-6591-493D-8B5E-8B82E2F3F8B7}.Debug|Any CPU.Build.0 = Debug|Any CPU
		{AD7A8A72-6591-493D-8B5E-8B82E2F3F8B7}.Release|Any CPU.ActiveCfg = Release|Any CPU
		{AD7A8A72-6591-493D-8B5E-8B82E2F3F8B7}.Release|Any CPU.Build.0 = Release|Any CPU
	EndGlobalSection
	GlobalSection(SolutionProperties) = preSolution
		HideSolutionNode = FALSE
	EndGlobalSection
	GlobalSection(ExtensibilityGlobals) = postSolution
		SolutionGuid = {0A1E032E-7A08-4AAD-9FEA-0C760D6C785E}
	EndGlobalSection
EndGlobal
